
Microsoft Visual Studio Solution File, Format Version 12.00
# Visual Studio Version 17
VisualStudioVersion = 17.11.35303.130
MinimumVisualStudioVersion = 10.0.40219.1
Project("{FAE04EC0-301F-11D3-BF4B-00C04F79EFBC}") = "Lr3.1", "Lr3.1\Lr3.1.csproj", "{B1DBC822-CB36-4CE2-9D68-626CD4480EFB}"
EndProject
Global
	GlobalSection(SolutionConfigurationPlatforms) = preSolution
		Debug|Any CPU = Debug|Any CPU
		Release|Any CPU = Release|Any CPU
	EndGlobalSection
	GlobalSection(ProjectConfigurationPlatforms) = postSolution
		{B1DBC822-CB36-4CE2-9D68-626CD4480EFB}.Debug|Any CPU.ActiveCfg = Debug|Any CPU
		{B1DBC822-CB36-4CE2-9D68-626CD4480EFB}.Debug|Any CPU.Build.0 = Debug|Any CPU
		{B1DBC822-CB36-4CE2-9D68-626CD4480EFB}.Release|Any CPU.ActiveCfg = Release|Any CPU
		{B1DBC822-CB36-4CE2-9D68-626CD4480EFB}.Release|Any CPU.Build.0 = Release|Any CPU
	EndGlobalSection
	GlobalSection(SolutionProperties) = preSolution
		HideSolutionNode = FALSE
	EndGlobalSection
	GlobalSection(ExtensibilityGlobals) = postSolution
		SolutionGuid = {F92D51F4-5685-42AB-8715-AE1DA99C034C}
	EndGlobalSection
EndGlobal
